
Microsoft Visual Studio Solution File, Format Version 11.00
# Visual Studio 2010
Project("{FAE04EC0-301F-11D3-BF4B-00C04F79EFBC}") = "AmpillifyTest", "Assembly-CSharp.csproj", "{423B8C91-EA1D-A85D-8CAC-EF0832427740}"
EndProject
Global
	GlobalSection(SolutionConfigurationPlatforms) = preSolution
		Debug|Any CPU = Debug|Any CPU
		Release|Any CPU = Release|Any CPU
	EndGlobalSection
	GlobalSection(ProjectConfigurationPlatforms) = postSolution
		{423B8C91-EA1D-A85D-8CAC-EF0832427740}.Debug|Any CPU.ActiveCfg = Debug|Any CPU
		{423B8C91-EA1D-A85D-8CAC-EF0832427740}.Debug|Any CPU.Build.0 = Debug|Any CPU
		{423B8C91-EA1D-A85D-8CAC-EF0832427740}.Release|Any CPU.ActiveCfg = Release|Any CPU
		{423B8C91-EA1D-A85D-8CAC-EF0832427740}.Release|Any CPU.Build.0 = Release|Any CPU
	EndGlobalSection
	GlobalSection(SolutionProperties) = preSolution
		HideSolutionNode = FALSE
	EndGlobalSection
	GlobalSection(MonoDevelopProperties) = preSolution
		StartupItem = Assembly-CSharp.csproj
	EndGlobalSection
EndGlobal
